
Microsoft Visual Studio Solution File, Format Version 12.00
# Visual Studio 15
VisualStudioVersion = 15.0.27130.2027
MinimumVisualStudioVersion = 10.0.40219.1
Project("{FAE04EC0-301F-11D3-BF4B-00C04F79EFBC}") = "MySongsApi.Domain", "MySongsApi.Domain\MySongsApi.Domain.csproj", "{2B9E2F4C-F7F0-418F-82F3-72A4097644D1}"
EndProject
Project("{FAE04EC0-301F-11D3-BF4B-00C04F79EFBC}") = "MySongsApi.Infrastructure", "MySongsApi.Infrastructure\MySongsApi.Infrastructure.csproj", "{E2572C88-C927-4693-9524-B1C71AF7E7BE}"
EndProject
Project("{FAE04EC0-301F-11D3-BF4B-00C04F79EFBC}") = "MySongsApi.Repositories", "MySongsApi.Repositories\MySongsApi.Repositories.csproj", "{9FD77AD3-B1AA-4D5F-B243-5A91AC8B7C67}"
EndProject
Project("{FAE04EC0-301F-11D3-BF4B-00C04F79EFBC}") = "MySongsApi.API", "MySongsApi.API\MySongsApi.API.csproj", "{E353495B-FE3E-49F5-AAD8-1A898A837DE9}"
EndProject
Project("{FAE04EC0-301F-11D3-BF4B-00C04F79EFBC}") = "MySongsApi.Dependency", "MySongsApi.Dependency\MySongsApi.Dependency.csproj", "{FA5C1056-0561-4612-89FC-E4A48F4584DF}"
EndProject
Global
	GlobalSection(SolutionConfigurationPlatforms) = preSolution
		Debug|Any CPU = Debug|Any CPU
		Debug|ARM = Debug|ARM
		Debug|x64 = Debug|x64
		Debug|x86 = Debug|x86
		Release|Any CPU = Release|Any CPU
		Release|ARM = Release|ARM
		Release|x64 = Release|x64
		Release|x86 = Release|x86
	EndGlobalSection
	GlobalSection(ProjectConfigurationPlatforms) = postSolution
		{2B9E2F4C-F7F0-418F-82F3-72A4097644D1}.Debug|Any CPU.ActiveCfg = Debug|Any CPU
		{2B9E2F4C-F7F0-418F-82F3-72A4097644D1}.Debug|Any CPU.Build.0 = Debug|Any CPU
		{2B9E2F4C-F7F0-418F-82F3-72A4097644D1}.Debug|ARM.ActiveCfg = Debug|Any CPU
		{2B9E2F4C-F7F0-418F-82F3-72A4097644D1}.Debug|ARM.Build.0 = Debug|Any CPU
		{2B9E2F4C-F7F0-418F-82F3-72A4097644D1}.Debug|x64.ActiveCfg = Debug|Any CPU
		{2B9E2F4C-F7F0-418F-82F3-72A4097644D1}.Debug|x64.Build.0 = Debug|Any CPU
		{2B9E2F4C-F7F0-418F-82F3-72A4097644D1}.Debug|x86.ActiveCfg = Debug|Any CPU
		{2B9E2F4C-F7F0-418F-82F3-72A4097644D1}.Debug|x86.Build.0 = Debug|Any CPU
		{2B9E2F4C-F7F0-418F-82F3-72A4097644D1}.Release|Any CPU.ActiveCfg = Release|Any CPU
		{2B9E2F4C-F7F0-418F-82F3-72A4097644D1}.Release|Any CPU.Build.0 = Release|Any CPU
		{2B9E2F4C-F7F0-418F-82F3-72A4097644D1}.Release|ARM.ActiveCfg = Release|Any CPU
		{2B9E2F4C-F7F0-418F-82F3-72A4097644D1}.Release|ARM.Build.0 = Release|Any CPU
		{2B9E2F4C-F7F0-418F-82F3-72A4097644D1}.Release|x64.ActiveCfg = Release|Any CPU
		{2B9E2F4C-F7F0-418F-82F3-72A4097644D1}.Release|x64.Build.0 = Release|Any CPU
		{2B9E2F4C-F7F0-418F-82F3-72A4097644D1}.Release|x86.ActiveCfg = Release|Any CPU
		{2B9E2F4C-F7F0-418F-82F3-72A4097644D1}.Release|x86.Build.0 = Release|Any CPU
		{E2572C88-C927-4693-9524-B1C71AF7E7BE}.Debug|Any CPU.ActiveCfg = Debug|Any CPU
		{E2572C88-C927-4693-9524-B1C71AF7E7BE}.Debug|Any CPU.Build.0 = Debug|Any CPU
		{E2572C88-C927-4693-9524-B1C71AF7E7BE}.Debug|ARM.ActiveCfg = Debug|Any CPU
		{E2572C88-C927-4693-9524-B1C71AF7E7BE}.Debug|ARM.Build.0 = Debug|Any CPU
		{E2572C88-C927-4693-9524-B1C71AF7E7BE}.Debug|x64.ActiveCfg = Debug|Any CPU
		{E2572C88-C927-4693-9524-B1C71AF7E7BE}.Debug|x64.Build.0 = Debug|Any CPU
		{E2572C88-C927-4693-9524-B1C71AF7E7BE}.Debug|x86.ActiveCfg = Debug|Any CPU
		{E2572C88-C927-4693-9524-B1C71AF7E7BE}.Debug|x86.Build.0 = Debug|Any CPU
		{E2572C88-C927-4693-9524-B1C71AF7E7BE}.Release|Any CPU.ActiveCfg = Release|Any CPU
		{E2572C88-C927-4693-9524-B1C71AF7E7BE}.Release|Any CPU.Build.0 = Release|Any CPU
		{E2572C88-C927-4693-9524-B1C71AF7E7BE}.Release|ARM.ActiveCfg = Release|Any CPU
		{E2572C88-C927-4693-9524-B1C71AF7E7BE}.Release|ARM.Build.0 = Release|Any CPU
		{E2572C88-C927-4693-9524-B1C71AF7E7BE}.Release|x64.ActiveCfg = Release|Any CPU
		{E2572C88-C927-4693-9524-B1C71AF7E7BE}.Release|x64.Build.0 = Release|Any CPU
		{E2572C88-C927-4693-9524-B1C71AF7E7BE}.Release|x86.ActiveCfg = Release|Any CPU
		{E2572C88-C927-4693-9524-B1C71AF7E7BE}.Release|x86.Build.0 = Release|Any CPU
		{9FD77AD3-B1AA-4D5F-B243-5A91AC8B7C67}.Debug|Any CPU.ActiveCfg = Debug|Any CPU
		{9FD77AD3-B1AA-4D5F-B243-5A91AC8B7C67}.Debug|Any CPU.Build.0 = Debug|Any CPU
		{9FD77AD3-B1AA-4D5F-B243-5A91AC8B7C67}.Debug|ARM.ActiveCfg = Debug|Any CPU
		{9FD77AD3-B1AA-4D5F-B243-5A91AC8B7C67}.Debug|ARM.Build.0 = Debug|Any CPU
		{9FD77AD3-B1AA-4D5F-B243-5A91AC8B7C67}.Debug|x64.ActiveCfg = Debug|Any CPU
		{9FD77AD3-B1AA-4D5F-B243-5A91AC8B7C67}.Debug|x64.Build.0 = Debug|Any CPU
		{9FD77AD3-B1AA-4D5F-B243-5A91AC8B7C67}.Debug|x86.ActiveCfg = Debug|Any CPU
		{9FD77AD3-B1AA-4D5F-B243-5A91AC8B7C67}.Debug|x86.Build.0 = Debug|Any CPU
		{9FD77AD3-B1AA-4D5F-B243-5A91AC8B7C67}.Release|Any CPU.ActiveCfg = Release|Any CPU
		{9FD77AD3-B1AA-4D5F-B243-5A91AC8B7C67}.Release|Any CPU.Build.0 = Release|Any CPU
		{9FD77AD3-B1AA-4D5F-B243-5A91AC8B7C67}.Release|ARM.ActiveCfg = Release|Any CPU
		{9FD77AD3-B1AA-4D5F-B243-5A91AC8B7C67}.Release|ARM.Build.0 = Release|Any CPU
		{9FD77AD3-B1AA-4D5F-B243-5A91AC8B7C67}.Release|x64.ActiveCfg = Release|Any CPU
		{9FD77AD3-B1AA-4D5F-B243-5A91AC8B7C67}.Release|x64.Build.0 = Release|Any CPU
		{9FD77AD3-B1AA-4D5F-B243-5A91AC8B7C67}.Release|x86.ActiveCfg = Release|Any CPU
		{9FD77AD3-B1AA-4D5F-B243-5A91AC8B7C67}.Release|x86.Build.0 = Release|Any CPU
		{E353495B-FE3E-49F5-AAD8-1A898A837DE9}.Debug|Any CPU.ActiveCfg = Debug|Any CPU
		{E353495B-FE3E-49F5-AAD8-1A898A837DE9}.Debug|Any CPU.Build.0 = Debug|Any CPU
		{E353495B-FE3E-49F5-AAD8-1A898A837DE9}.Debug|ARM.ActiveCfg = Debug|Any CPU
		{E353495B-FE3E-49F5-AAD8-1A898A837DE9}.Debug|ARM.Build.0 = Debug|Any CPU
		{E353495B-FE3E-49F5-AAD8-1A898A837DE9}.Debug|x64.ActiveCfg = Debug|Any CPU
		{E353495B-FE3E-49F5-AAD8-1A898A837DE9}.Debug|x64.Build.0 = Debug|Any CPU
		{E353495B-FE3E-49F5-AAD8-1A898A837DE9}.Debug|x86.ActiveCfg = Debug|Any CPU
		{E353495B-FE3E-49F5-AAD8-1A898A837DE9}.Debug|x86.Build.0 = Debug|Any CPU
		{E353495B-FE3E-49F5-AAD8-1A898A837DE9}.Release|Any CPU.ActiveCfg = Release|Any CPU
		{E353495B-FE3E-49F5-AAD8-1A898A837DE9}.Release|Any CPU.Build.0 = Release|Any CPU
		{E353495B-FE3E-49F5-AAD8-1A898A837DE9}.Release|ARM.ActiveCfg = Release|Any CPU
		{E353495B-FE3E-49F5-AAD8-1A898A837DE9}.Release|ARM.Build.0 = Release|Any CPU
		{E353495B-FE3E-49F5-AAD8-1A898A837DE9}.Release|x64.ActiveCfg = Release|Any CPU
		{E353495B-FE3E-49F5-AAD8-1A898A837DE9}.Release|x64.Build.0 = Release|Any CPU
		{E353495B-FE3E-49F5-AAD8-1A898A837DE9}.Release|x86.ActiveCfg = Release|Any CPU
		{E353495B-FE3E-49F5-AAD8-1A898A837DE9}.Release|x86.Build.0 = Release|Any CPU
		{FA5C1056-0561-4612-89FC-E4A48F4584DF}.Debug|Any CPU.ActiveCfg = Debug|Any CPU
		{FA5C1056-0561-4612-89FC-E4A48F4584DF}.Debug|Any CPU.Build.0 = Debug|Any CPU
		{FA5C1056-0561-4612-89FC-E4A48F4584DF}.Debug|ARM.ActiveCfg = Debug|Any CPU
		{FA5C1056-0561-4612-89FC-E4A48F4584DF}.Debug|ARM.Build.0 = Debug|Any CPU
		{FA5C1056-0561-4612-89FC-E4A48F4584DF}.Debug|x64.ActiveCfg = Debug|Any CPU
		{FA5C1056-0561-4612-89FC-E4A48F4584DF}.Debug|x64.Build.0 = Debug|Any CPU
		{FA5C1056-0561-4612-89FC-E4A48F4584DF}.Debug|x86.ActiveCfg = Debug|Any CPU
		{FA5C1056-0561-4612-89FC-E4A48F4584DF}.Debug|x86.Build.0 = Debug|Any CPU
		{FA5C1056-0561-4612-89FC-E4A48F4584DF}.Release|Any CPU.ActiveCfg = Release|Any CPU
		{FA5C1056-0561-4612-89FC-E4A48F4584DF}.Release|Any CPU.Build.0 = Release|Any CPU
		{FA5C1056-0561-4612-89FC-E4A48F4584DF}.Release|ARM.ActiveCfg = Release|Any CPU
		{FA5C1056-0561-4612-89FC-E4A48F4584DF}.Release|ARM.Build.0 = Release|Any CPU
		{FA5C1056-0561-4612-89FC-E4A48F4584DF}.Release|x64.ActiveCfg = Release|Any CPU
		{FA5C1056-0561-4612-89FC-E4A48F4584DF}.Release|x64.Build.0 = Release|Any CPU
		{FA5C1056-0561-4612-89FC-E4A48F4584DF}.Release|x86.ActiveCfg = Release|Any CPU
		{FA5C1056-0561-4612-89FC-E4A48F4584DF}.Release|x86.Build.0 = Release|Any CPU
	EndGlobalSection
	GlobalSection(SolutionProperties) = preSolution
		HideSolutionNode = FALSE
	EndGlobalSection
	GlobalSection(ExtensibilityGlobals) = postSolution
		SolutionGuid = {21B322C7-0179-471C-AF02-2C22CA49B102}
	EndGlobalSection
EndGlobal
